
Microsoft Visual Studio Solution File, Format Version 12.00
# Visual Studio Version 16
VisualStudioVersion = 16.0.29009.5
MinimumVisualStudioVersion = 10.0.40219.1
Project("{FAE04EC0-301F-11D3-BF4B-00C04F79EFBC}") = "422654", "422654\422654.csproj", "{B8F20628-6249-4064-A7E7-32ADF4B03680}"
EndProject
Project("{FAE04EC0-301F-11D3-BF4B-00C04F79EFBC}") = "423320", "423320\423320.csproj", "{391BD6B9-7EE5-4483-8951-181D17BB98B9}"
EndProject
Global
	GlobalSection(SolutionConfigurationPlatforms) = preSolution
		Debug|Any CPU = Debug|Any CPU
		Release|Any CPU = Release|Any CPU
	EndGlobalSection
	GlobalSection(ProjectConfigurationPlatforms) = postSolution
		{B8F20628-6249-4064-A7E7-32ADF4B03680}.Debug|Any CPU.ActiveCfg = Debug|Any CPU
		{B8F20628-6249-4064-A7E7-32ADF4B03680}.Debug|Any CPU.Build.0 = Debug|Any CPU
		{B8F20628-6249-4064-A7E7-32ADF4B03680}.Release|Any CPU.ActiveCfg = Release|Any CPU
		{B8F20628-6249-4064-A7E7-32ADF4B03680}.Release|Any CPU.Build.0 = Release|Any CPU
		{391BD6B9-7EE5-4483-8951-181D17BB98B9}.Debug|Any CPU.ActiveCfg = Debug|Any CPU
		{391BD6B9-7EE5-4483-8951-181D17BB98B9}.Debug|Any CPU.Build.0 = Debug|Any CPU
		{391BD6B9-7EE5-4483-8951-181D17BB98B9}.Release|Any CPU.ActiveCfg = Release|Any CPU
		{391BD6B9-7EE5-4483-8951-181D17BB98B9}.Release|Any CPU.Build.0 = Release|Any CPU
	EndGlobalSection
	GlobalSection(SolutionProperties) = preSolution
		HideSolutionNode = FALSE
	EndGlobalSection
	GlobalSection(ExtensibilityGlobals) = postSolution
		SolutionGuid = {2A2713DE-B84D-4F0B-916B-61549DA44DEA}
	EndGlobalSection
EndGlobal
